
Microsoft Visual Studio Solution File, Format Version 12.00
# Visual Studio 2012
Project("{FAE04EC0-301F-11D3-BF4B-00C04F79EFBC}") = "UnitConverter", "UnitConverter\UnitConverter.csproj", "{AA82EDEA-CD37-4FC8-A2C4-1FE5B417EBB7}"
EndProject
Global
	GlobalSection(SolutionConfigurationPlatforms) = preSolution
		Debug|Any CPU = Debug|Any CPU
		Release|Any CPU = Release|Any CPU
	EndGlobalSection
	GlobalSection(ProjectConfigurationPlatforms) = postSolution
		{AA82EDEA-CD37-4FC8-A2C4-1FE5B417EBB7}.Debug|Any CPU.ActiveCfg = Debug|Any CPU
		{AA82EDEA-CD37-4FC8-A2C4-1FE5B417EBB7}.Debug|Any CPU.Build.0 = Debug|Any CPU
		{AA82EDEA-CD37-4FC8-A2C4-1FE5B417EBB7}.Release|Any CPU.ActiveCfg = Release|Any CPU
		{AA82EDEA-CD37-4FC8-A2C4-1FE5B417EBB7}.Release|Any CPU.Build.0 = Release|Any CPU
	EndGlobalSection
	GlobalSection(MonoDevelopProperties) = preSolution
		StartupItem = UnitConverter\UnitConverter.csproj
	EndGlobalSection
EndGlobal
